// !$*UTF8*$!
{
	archiveVersion = 1;
	classes = {
	};
	objectVersion = 77;
	objects = {

/* Begin PBXContainerItemProxy section */
		8F2BF7252CC28A3800B6F33D /* PBXContainerItemProxy */ = {
			isa = PBXContainerItemProxy;
			containerPortal = 8F2BF70C2CC28A3700B6F33D /* Project object */;
			proxyType = 1;
			remoteGlobalIDString = 8F2BF7132CC28A3700B6F33D;
			remoteInfo = "Card App via Code";
		};
		8F2BF72F2CC28A3800B6F33D /* PBXContainerItemProxy */ = {
			isa = PBXContainerItemProxy;
			containerPortal = 8F2BF70C2CC28A3700B6F33D /* Project object */;
			proxyType = 1;
			remoteGlobalIDString = 8F2BF7132CC28A3700B6F33D;
			remoteInfo = "Card App via Code";
		};
/* End PBXContainerItemProxy section */

/* Begin PBXFileReference section */
		8F2BF7142CC28A3700B6F33D /* Card App via Code.app */ = {isa = PBXFileReference; explicitFileType = wrapper.application; includeInIndex = 0; path = "Card App via Code.app"; sourceTree = BUILT_PRODUCTS_DIR; };
		8F2BF7242CC28A3800B6F33D /* Card App via CodeTests.xctest */ = {isa = PBXFileReference; explicitFileType = wrapper.cfbundle; includeInIndex = 0; path = "Card App via CodeTests.xctest"; sourceTree = BUILT_PRODUCTS_DIR; };
		8F2BF72E2CC28A3800B6F33D /* Card App via CodeUITests.xctest */ = {isa = PBXFileReference; explicitFileType = wrapper.cfbundle; includeInIndex = 0; path = "Card App via CodeUITests.xctest"; sourceTree = BUILT_PRODUCTS_DIR; };
/* End PBXFileReference section */

/* Begin PBXFileSystemSynchronizedRootGroup section */
		8F2BF7162CC28A3700B6F33D /* Card App via Code */ = {
			isa = PBXFileSystemSynchronizedRootGroup;
			path = "Card App via Code";
			sourceTree = "<group>";
		};
		8F2BF7272CC28A3800B6F33D /* Card App via CodeTests */ = {
			isa = PBXFileSystemSynchronizedRootGroup;
			path = "Card App via CodeTests";
			sourceTree = "<group>";
		};
		8F2BF7312CC28A3800B6F33D /* Card App via CodeUITests */ = {
			isa = PBXFileSystemSynchronizedRootGroup;
			path = "Card App via CodeUITests";
			sourceTree = "<group>";
		};
/* End PBXFileSystemSynchronizedRootGroup section */

/* Begin PBXFrameworksBuildPhase section */
		8F2BF7112CC28A3700B6F33D /* Frameworks */ = {
			isa = PBXFrameworksBuildPhase;
			buildActionMask = 2147483647;
			files = (
			);
			runOnlyForDeploymentPostprocessing = 0;
		};
		8F2BF7212CC28A3800B6F33D /* Frameworks */ = {
			isa = PBXFrameworksBuildPhase;
			buildActionMask = 2147483647;
			files = (
			);
			runOnlyForDeploymentPostprocessing = 0;
		};
		8F2BF72B2CC28A3800B6F33D /* Frameworks */ = {
			isa = PBXFrameworksBuildPhase;
			buildActionMask = 2147483647;
			files = (
			);
			runOnlyForDeploymentPostprocessing = 0;
		};
/* End PBXFrameworksBuildPhase section */

/* Begin PBXGroup section */
		8F2BF70B2CC28A3700B6F33D = {
			isa = PBXGroup;
			children = (
				8F2BF7162CC28A3700B6F33D /* Card App via Code */,
				8F2BF7272CC28A3800B6F33D /* Card App via CodeTests */,
				8F2BF7312CC28A3800B6F33D /* Card App via CodeUITests */,
				8F2BF7152CC28A3700B6F33D /* Products */,
			);
			sourceTree = "<group>";
		};
		8F2BF7152CC28A3700B6F33D /* Products */ = {
			isa = PBXGroup;
			children = (
				8F2BF7142CC28A3700B6F33D /* Card App via Code.app */,
				8F2BF7242CC28A3800B6F33D /* Card App via CodeTests.xctest */,
				8F2BF72E2CC28A3800B6F33D /* Card App via CodeUITests.xctest */,
			);
			name = Products;
			sourceTree = "<group>";
		};
/* End PBXGroup section */

/* Begin PBXNativeTarget section */
		8F2BF7132CC28A3700B6F33D /* Card App via Code */ = {
			isa = PBXNativeTarget;
			buildConfigurationList = 8F2BF7382CC28A3800B6F33D /* Build configuration list for PBXNativeTarget "Card App via Code" */;
			buildPhases = (
				8F2BF7102CC28A3700B6F33D /* Sources */,
				8F2BF7112CC28A3700B6F33D /* Frameworks */,
				8F2BF7122CC28A3700B6F33D /* Resources */,
			);
			buildRules = (
			);
			dependencies = (
			);
			fileSystemSynchronizedGroups = (
				8F2BF7162CC28A3700B6F33D /* Card App via Code */,
			);
			name = "Card App via Code";
			packageProductDependencies = (
			);
			productName = "Card App via Code";
			productReference = 8F2BF7142CC28A3700B6F33D /* Card App via Code.app */;
			productType = "com.apple.product-type.application";
		};
		8F2BF7232CC28A3800B6F33D /* Card App via CodeTests */ = {
			isa = PBXNativeTarget;
			buildConfigurationList = 8F2BF73B2CC28A3800B6F33D /* Build configuration list for PBXNativeTarget "Card App via CodeTests" */;
			buildPhases = (
				8F2BF7202CC28A3800B6F33D /* Sources */,
				8F2BF7212CC28A3800B6F33D /* Frameworks */,
				8F2BF7222CC28A3800B6F33D /* Resources */,
			);
			buildRules = (
			);
			dependencies = (
				8F2BF7262CC28A3800B6F33D /* PBXTargetDependency */,
			);
			fileSystemSynchronizedGroups = (
				8F2BF7272CC28A3800B6F33D /* Card App via CodeTests */,
			);
			name = "Card App via CodeTests";
			packageProductDependencies = (
			);
			productName = "Card App via CodeTests";
			productReference = 8F2BF7242CC28A3800B6F33D /* Card App via CodeTests.xctest */;
			productType = "com.apple.product-type.bundle.unit-test";
		};
		8F2BF72D2CC28A3800B6F33D /* Card App via CodeUITests */ = {
			isa = PBXNativeTarget;
			buildConfigurationList = 8F2BF73E2CC28A3800B6F33D /* Build configuration list for PBXNativeTarget "Card App via CodeUITests" */;
			buildPhases = (
				8F2BF72A2CC28A3800B6F33D /* Sources */,
				8F2BF72B2CC28A3800B6F33D /* Frameworks */,
				8F2BF72C2CC28A3800B6F33D /* Resources */,
			);
			buildRules = (
			);
			dependencies = (
				8F2BF7302CC28A3800B6F33D /* PBXTargetDependency */,
			);
			fileSystemSynchronizedGroups = (
				8F2BF7312CC28A3800B6F33D /* Card App via CodeUITests */,
			);
			name = "Card App via CodeUITests";
			packageProductDependencies = (
			);
			productName = "Card App via CodeUITests";
			productReference = 8F2BF72E2CC28A3800B6F33D /* Card App via CodeUITests.xctest */;
			productType = "com.apple.product-type.bundle.ui-testing";
		};
/* End PBXNativeTarget section */

/* Begin PBXProject section */
		8F2BF70C2CC28A3700B6F33D /* Project object */ = {
			isa = PBXProject;
			attributes = {
				BuildIndependentTargetsInParallel = 1;
				LastSwiftUpdateCheck = 1600;
				LastUpgradeCheck = 1600;
				TargetAttributes = {
					8F2BF7132CC28A3700B6F33D = {
						CreatedOnToolsVersion = 16.0;
					};
					8F2BF7232CC28A3800B6F33D = {
						CreatedOnToolsVersion = 16.0;
						TestTargetID = 8F2BF7132CC28A3700B6F33D;
					};
					8F2BF72D2CC28A3800B6F33D = {
						CreatedOnToolsVersion = 16.0;
						TestTargetID = 8F2BF7132CC28A3700B6F33D;
					};
				};
			};
			buildConfigurationList = 8F2BF70F2CC28A3700B6F33D /* Build configuration list for PBXProject "Card App via Code" */;
			developmentRegion = en;
			hasScannedForEncodings = 0;
			knownRegions = (
				en,
				Base,
			);
			mainGroup = 8F2BF70B2CC28A3700B6F33D;
			minimizedProjectReferenceProxies = 1;
			preferredProjectObjectVersion = 77;
			productRefGroup = 8F2BF7152CC28A3700B6F33D /* Products */;
			projectDirPath = "";
			projectRoot = "";
			targets = (
				8F2BF7132CC28A3700B6F33D /* Card App via Code */,
				8F2BF7232CC28A3800B6F33D /* Card App via CodeTests */,
				8F2BF72D2CC28A3800B6F33D /* Card App via CodeUITests */,
			);
		};
/* End PBXProject section */

/* Begin PBXResourcesBuildPhase section */
		8F2BF7122CC28A3700B6F33D /* Resources */ = {
			isa = PBXResourcesBuildPhase;
			buildActionMask = 2147483647;
			files = (
			);
			runOnlyForDeploymentPostprocessing = 0;
		};
		8F2BF7222CC28A3800B6F33D /* Resources */ = {
			isa = PBXResourcesBuildPhase;
			buildActionMask = 2147483647;
			files = (
			);
			runOnlyForDeploymentPostprocessing = 0;
		};
		8F2BF72C2CC28A3800B6F33D /* Resources */ = {
			isa = PBXResourcesBuildPhase;
			buildActionMask = 2147483647;
			files = (
			);
			runOnlyForDeploymentPostprocessing = 0;
		};
/* End PBXResourcesBuildPhase section */

/* Begin PBXSourcesBuildPhase section */
		8F2BF7102CC28A3700B6F33D /* Sources */ = {
			isa = PBXSourcesBuildPhase;
			buildActionMask = 2147483647;
			files = (
			);
			runOnlyForDeploymentPostprocessing = 0;
		};
		8F2BF7202CC28A3800B6F33D /* Sources */ = {
			isa = PBXSourcesBuildPhase;
			buildActionMask = 2147483647;
			files = (
			);
			runOnlyForDeploymentPostprocessing = 0;
		};
		8F2BF72A2CC28A3800B6F33D /* Sources */ = {
			isa = PBXSourcesBuildPhase;
			buildActionMask = 2147483647;
			files = (
			);
			runOnlyForDeploymentPostprocessing = 0;
		};
/* End PBXSourcesBuildPhase section */

/* Begin PBXTargetDependency section */
		8F2BF7262CC28A3800B6F33D /* PBXTargetDependency */ = {
			isa = PBXTargetDependency;
			target = 8F2BF7132CC28A3700B6F33D /* Card App via Code */;
			targetProxy = 8F2BF7252CC28A3800B6F33D /* PBXContainerItemProxy */;
		};
		8F2BF7302CC28A3800B6F33D /* PBXTargetDependency */ = {
			isa = PBXTargetDependency;
			target = 8F2BF7132CC28A3700B6F33D /* Card App via Code */;
			targetProxy = 8F2BF72F2CC28A3800B6F33D /* PBXContainerItemProxy */;
		};
/* End PBXTargetDependency section */

/* Begin XCBuildConfiguration section */
		8F2BF7362CC28A3800B6F33D /* Debug */ = {
			isa = XCBuildConfiguration;
			buildSettings = {
				ALWAYS_SEARCH_USER_PATHS = NO;
				ASSETCATALOG_COMPILER_GENERATE_SWIFT_ASSET_SYMBOL_EXTENSIONS = YES;
				CLANG_ANALYZER_NONNULL = YES;
				CLANG_ANALYZER_NUMBER_OBJECT_CONVERSION = YES_AGGRESSIVE;
				CLANG_CXX_LANGUAGE_STANDARD = "gnu++20";
				CLANG_ENABLE_MODULES = YES;
				CLANG_ENABLE_OBJC_ARC = YES;
				CLANG_ENABLE_OBJC_WEAK = YES;
				CLANG_WARN_BLOCK_CAPTURE_AUTORELEASING = YES;
				CLANG_WARN_BOOL_CONVERSION = YES;
				CLANG_WARN_COMMA = YES;
				CLANG_WARN_CONSTANT_CONVERSION = YES;
				CLANG_WARN_DEPRECATED_OBJC_IMPLEMENTATIONS = YES;
				CLANG_WARN_DIRECT_OBJC_ISA_USAGE = YES_ERROR;
				CLANG_WARN_DOCUMENTATION_COMMENTS = YES;
				CLANG_WARN_EMPTY_BODY = YES;
				CLANG_WARN_ENUM_CONVERSION = YES;
				CLANG_WARN_INFINITE_RECURSION = YES;
				CLANG_WARN_INT_CONVERSION = YES;
				CLANG_WARN_NON_LITERAL_NULL_CONVERSION = YES;
				CLANG_WARN_OBJC_IMPLICIT_RETAIN_SELF = YES;
				CLANG_WARN_OBJC_LITERAL_CONVERSION = YES;
				CLANG_WARN_OBJC_ROOT_CLASS = YES_ERROR;
				CLANG_WARN_QUOTED_INCLUDE_IN_FRAMEWORK_HEADER = YES;
				CLANG_WARN_RANGE_LOOP_ANALYSIS = YES;
				CLANG_WARN_STRICT_PROTOTYPES = YES;
				CLANG_WARN_SUSPICIOUS_MOVE = YES;
				CLANG_WARN_UNGUARDED_AVAILABILITY = YES_AGGRESSIVE;
				CLANG_WARN_UNREACHABLE_CODE = YES;
				CLANG_WARN__DUPLICATE_METHOD_MATCH = YES;
				COPY_PHASE_STRIP = NO;
				DEBUG_INFORMATION_FORMAT = dwarf;
				ENABLE_STRICT_OBJC_MSGSEND = YES;
				ENABLE_TESTABILITY = YES;
				ENABLE_USER_SCRIPT_SANDBOXING = YES;
				GCC_C_LANGUAGE_STANDARD = gnu17;
				GCC_DYNAMIC_NO_PIC = NO;
				GCC_NO_COMMON_BLOCKS = YES;
				GCC_OPTIMIZATION_LEVEL = 0;
				GCC_PREPROCESSOR_DEFINITIONS = (
					"DEBUG=1",
					"$(inherited)",
				);
				GCC_WARN_64_TO_32_BIT_CONVERSION = YES;
				GCC_WARN_ABOUT_RETURN_TYPE = YES_ERROR;
				GCC_WARN_UNDECLARED_SELECTOR = YES;
				GCC_WARN_UNINITIALIZED_AUTOS = YES_AGGRESSIVE;
				GCC_WARN_UNUSED_FUNCTION = YES;
				GCC_WARN_UNUSED_VARIABLE = YES;
				IPHONEOS_DEPLOYMENT_TARGET = 18.0;
				LOCALIZATION_PREFERS_STRING_CATALOGS = YES;
				MTL_ENABLE_DEBUG_INFO = INCLUDE_SOURCE;
				MTL_FAST_MATH = YES;
				ONLY_ACTIVE_ARCH = YES;
				SDKROOT = iphoneos;
				SWIFT_ACTIVE_COMPILATION_CONDITIONS = "DEBUG $(inherited)";
				SWIFT_OPTIMIZATION_LEVEL = "-Onone";
			};
			name = Debug;
		};
		8F2BF7372CC28A3800B6F33D /* Release */ = {
			isa = XCBuildConfiguration;
			buildSettings = {
				ALWAYS_SEARCH_USER_PATHS = NO;
				ASSETCATALOG_COMPILER_GENERATE_SWIFT_ASSET_SYMBOL_EXTENSIONS = YES;
				CLANG_ANALYZER_NONNULL = YES;
				CLANG_ANALYZER_NUMBER_OBJECT_CONVERSION = YES_AGGRESSIVE;
				CLANG_CXX_LANGUAGE_STANDARD = "gnu++20";
				CLANG_ENABLE_MODULES = YES;
				CLANG_ENABLE_OBJC_ARC = YES;
				CLANG_ENABLE_OBJC_WEAK = YES;
				CLANG_WARN_BLOCK_CAPTURE_AUTORELEASING = YES;
				CLANG_WARN_BOOL_CONVERSION = YES;
				CLANG_WARN_COMMA = YES;
				CLANG_WARN_CONSTANT_CONVERSION = YES;
				CLANG_WARN_DEPRECATED_OBJC_IMPLEMENTATIONS = YES;
				CLANG_WARN_DIRECT_OBJC_ISA_USAGE = YES_ERROR;
				CLANG_WARN_DOCUMENTATION_COMMENTS = YES;
				CLANG_WARN_EMPTY_BODY = YES;
				CLANG_WARN_ENUM_CONVERSION = YES;
				CLANG_WARN_INFINITE_RECURSION = YES;
				CLANG_WARN_INT_CONVERSION = YES;
				CLANG_WARN_NON_LITERAL_NULL_CONVERSION = YES;
				CLANG_WARN_OBJC_IMPLICIT_RETAIN_SELF = YES;
				CLANG_WARN_OBJC_LITERAL_CONVERSION = YES;
				CLANG_WARN_OBJC_ROOT_CLASS = YES_ERROR;
				CLANG_WARN_QUOTED_INCLUDE_IN_FRAMEWORK_HEADER = YES;
				CLANG_WARN_RANGE_LOOP_ANALYSIS = YES;
				CLANG_WARN_STRICT_PROTOTYPES = YES;
				CLANG_WARN_SUSPICIOUS_MOVE = YES;
				CLANG_WARN_UNGUARDED_AVAILABILITY = YES_AGGRESSIVE;
				CLANG_WARN_UNREACHABLE_CODE = YES;
				CLANG_WARN__DUPLICATE_METHOD_MATCH = YES;
				COPY_PHASE_STRIP = NO;
				DEBUG_INFORMATION_FORMAT = "dwarf-with-dsym";
				ENABLE_NS_ASSERTIONS = NO;
				ENABLE_STRICT_OBJC_MSGSEND = YES;
				ENABLE_USER_SCRIPT_SANDBOXING = YES;
				GCC_C_LANGUAGE_STANDARD = gnu17;
				GCC_NO_COMMON_BLOCKS = YES;
				GCC_WARN_64_TO_32_BIT_CONVERSION = YES;
				GCC_WARN_ABOUT_RETURN_TYPE = YES_ERROR;
				GCC_WARN_UNDECLARED_SELECTOR = YES;
				GCC_WARN_UNINITIALIZED_AUTOS = YES_AGGRESSIVE;
				GCC_WARN_UNUSED_FUNCTION = YES;
				GCC_WARN_UNUSED_VARIABLE = YES;
				IPHONEOS_DEPLOYMENT_TARGET = 18.0;
				LOCALIZATION_PREFERS_STRING_CATALOGS = YES;
				MTL_ENABLE_DEBUG_INFO = NO;
				MTL_FAST_MATH = YES;
				SDKROOT = iphoneos;
				SWIFT_COMPILATION_MODE = wholemodule;
				VALIDATE_PRODUCT = YES;
			};
			name = Release;
		};
		8F2BF7392CC28A3800B6F33D /* Debug */ = {
			isa = XCBuildConfiguration;
			buildSettings = {
				ASSETCATALOG_COMPILER_APPICON_NAME = AppIcon;
				ASSETCATALOG_COMPILER_GLOBAL_ACCENT_COLOR_NAME = AccentColor;
				CODE_SIGN_STYLE = Automatic;
				CURRENT_PROJECT_VERSION = 1;
				DEVELOPMENT_ASSET_PATHS = "\"Card App via Code/Preview Content\"";
				DEVELOPMENT_TEAM = B87R7XJJWJ;
				ENABLE_PREVIEWS = YES;
				GENERATE_INFOPLIST_FILE = YES;
				INFOPLIST_KEY_UIApplicationSceneManifest_Generation = YES;
				INFOPLIST_KEY_UIApplicationSupportsIndirectInputEvents = YES;
				INFOPLIST_KEY_UILaunchScreen_Generation = YES;
				INFOPLIST_KEY_UISupportedInterfaceOrientations_iPad = "UIInterfaceOrientationPortrait UIInterfaceOrientationPortraitUpsideDown UIInterfaceOrientationLandscapeLeft UIInterfaceOrientationLandscapeRight";
				INFOPLIST_KEY_UISupportedInterfaceOrientations_iPhone = "UIInterfaceOrientationPortrait UIInterfaceOrientationLandscapeLeft UIInterfaceOrientationLandscapeRight";
				LD_RUNPATH_SEARCH_PATHS = (
					"$(inherited)",
					"@executable_path/Frameworks",
				);
				MARKETING_VERSION = 1.0;
				PRODUCT_BUNDLE_IDENTIFIER = "com.abdullah.Card-App-via-Code";
				PRODUCT_NAME = "$(TARGET_NAME)";
				SWIFT_EMIT_LOC_STRINGS = YES;
				SWIFT_VERSION = 5.0;
				TARGETED_DEVICE_FAMILY = "1,2";
			};
			name = Debug;
		};
		8F2BF73A2CC28A3800B6F33D /* Release */ = {
			isa = XCBuildConfiguration;
			buildSettings = {
				ASSETCATALOG_COMPILER_APPICON_NAME = AppIcon;
				ASSETCATALOG_COMPILER_GLOBAL_ACCENT_COLOR_NAME = AccentColor;
				CODE_SIGN_STYLE = Automatic;
				CURRENT_PROJECT_VERSION = 1;
				DEVELOPMENT_ASSET_PATHS = "\"Card App via Code/Preview Content\"";
				DEVELOPMENT_TEAM = B87R7XJJWJ;
				ENABLE_PREVIEWS = YES;
				GENERATE_INFOPLIST_FILE = YES;
				INFOPLIST_KEY_UIApplicationSceneManifest_Generation = YES;
				INFOPLIST_KEY_UIApplicationSupportsIndirectInputEvents = YES;
				INFOPLIST_KEY_UILaunchScreen_Generation = YES;
				INFOPLIST_KEY_UISupportedInterfaceOrientations_iPad = "UIInterfaceOrientationPortrait UIInterfaceOrientationPortraitUpsideDown UIInterfaceOrientationLandscapeLeft UIInterfaceOrientationLandscapeRight";
				INFOPLIST_KEY_UISupportedInterfaceOrientations_iPhone = "UIInterfaceOrientationPortrait UIInterfaceOrientationLandscapeLeft UIInterfaceOrientationLandscapeRight";
				LD_RUNPATH_SEARCH_PATHS = (
					"$(inherited)",
					"@executable_path/Frameworks",
				);
				MARKETING_VERSION = 1.0;
				PRODUCT_BUNDLE_IDENTIFIER = "com.abdullah.Card-App-via-Code";
				PRODUCT_NAME = "$(TARGET_NAME)";
				SWIFT_EMIT_LOC_STRINGS = YES;
				SWIFT_VERSION = 5.0;
				TARGETED_DEVICE_FAMILY = "1,2";
			};
			name = Release;
		};
		8F2BF73C2CC28A3800B6F33D /* Debug */ = {
			isa = XCBuildConfiguration;
			buildSettings = {
				BUNDLE_LOADER = "$(TEST_HOST)";
				CODE_SIGN_STYLE = Automatic;
				CURRENT_PROJECT_VERSION = 1;
				DEVELOPMENT_TEAM = B87R7XJJWJ;
				GENERATE_INFOPLIST_FILE = YES;
				IPHONEOS_DEPLOYMENT_TARGET = 18.0;
				MARKETING_VERSION = 1.0;
				PRODUCT_BUNDLE_IDENTIFIER = "com.abdullah.Card-App-via-CodeTests";
				PRODUCT_NAME = "$(TARGET_NAME)";
				SWIFT_EMIT_LOC_STRINGS = NO;
				SWIFT_VERSION = 5.0;
				TARGETED_DEVICE_FAMILY = "1,2";
				TEST_HOST = "$(BUILT_PRODUCTS_DIR)/Card App via Code.app/$(BUNDLE_EXECUTABLE_FOLDER_PATH)/Card App via Code";
			};
			name = Debug;
		};
		8F2BF73D2CC28A3800B6F33D /* Release */ = {
			isa = XCBuildConfiguration;
			buildSettings = {
				BUNDLE_LOADER = "$(TEST_HOST)";
				CODE_SIGN_STYLE = Automatic;
				CURRENT_PROJECT_VERSION = 1;
				DEVELOPMENT_TEAM = B87R7XJJWJ;
				GENERATE_INFOPLIST_FILE = YES;
				IPHONEOS_DEPLOYMENT_TARGET = 18.0;
				MARKETING_VERSION = 1.0;
				PRODUCT_BUNDLE_IDENTIFIER = "com.abdullah.Card-App-via-CodeTests";
				PRODUCT_NAME = "$(TARGET_NAME)";
				SWIFT_EMIT_LOC_STRINGS = NO;
				SWIFT_VERSION = 5.0;
				TARGETED_DEVICE_FAMILY = "1,2";
				TEST_HOST = "$(BUILT_PRODUCTS_DIR)/Card App via Code.app/$(BUNDLE_EXECUTABLE_FOLDER_PATH)/Card App via Code";
			};
			name = Release;
		};
		8F2BF73F2CC28A3800B6F33D /* Debug */ = {
			isa = XCBuildConfiguration;
			buildSettings = {
				CODE_SIGN_STYLE = Automatic;
				CURRENT_PROJECT_VERSION = 1;
				DEVELOPMENT_TEAM = B87R7XJJWJ;
				GENERATE_INFOPLIST_FILE = YES;
				MARKETING_VERSION = 1.0;
				PRODUCT_BUNDLE_IDENTIFIER = "com.abdullah.Card-App-via-CodeUITests";
				PRODUCT_NAME = "$(TARGET_NAME)";
				SWIFT_EMIT_LOC_STRINGS = NO;
				SWIFT_VERSION = 5.0;
				TARGETED_DEVICE_FAMILY = "1,2";
				TEST_TARGET_NAME = "Card App via Code";
			};
			name = Debug;
		};
		8F2BF7402CC28A3800B6F33D /* Release */ = {
			isa = XCBuildConfiguration;
			buildSettings = {
				CODE_SIGN_STYLE = Automatic;
				CURRENT_PROJECT_VERSION = 1;
				DEVELOPMENT_TEAM = B87R7XJJWJ;
				GENERATE_INFOPLIST_FILE = YES;
				MARKETING_VERSION = 1.0;
				PRODUCT_BUNDLE_IDENTIFIER = "com.abdullah.Card-App-via-CodeUITests";
				PRODUCT_NAME = "$(TARGET_NAME)";
				SWIFT_EMIT_LOC_STRINGS = NO;
				SWIFT_VERSION = 5.0;
				TARGETED_DEVICE_FAMILY = "1,2";
				TEST_TARGET_NAME = "Card App via Code";
			};
			name = Release;
		};
/* End XCBuildConfiguration section */

/* Begin XCConfigurationList section */
		8F2BF70F2CC28A3700B6F33D /* Build configuration list for PBXProject "Card App via Code" */ = {
			isa = XCConfigurationList;
			buildConfigurations = (
				8F2BF7362CC28A3800B6F33D /* Debug */,
				8F2BF7372CC28A3800B6F33D /* Release */,
			);
			defaultConfigurationIsVisible = 0;
			defaultConfigurationName = Release;
		};
		8F2BF7382CC28A3800B6F33D /* Build configuration list for PBXNativeTarget "Card App via Code" */ = {
			isa = XCConfigurationList;
			buildConfigurations = (
				8F2BF7392CC28A3800B6F33D /* Debug */,
				8F2BF73A2CC28A3800B6F33D /* Release */,
			);
			defaultConfigurationIsVisible = 0;
			defaultConfigurationName = Release;
		};
		8F2BF73B2CC28A3800B6F33D /* Build configuration list for PBXNativeTarget "Card App via CodeTests" */ = {
			isa = XCConfigurationList;
			buildConfigurations = (
				8F2BF73C2CC28A3800B6F33D /* Debug */,
				8F2BF73D2CC28A3800B6F33D /* Release */,
			);
			defaultConfigurationIsVisible = 0;
			defaultConfigurationName = Release;
		};
		8F2BF73E2CC28A3800B6F33D /* Build configuration list for PBXNativeTarget "Card App via CodeUITests" */ = {
			isa = XCConfigurationList;
			buildConfigurations = (
				8F2BF73F2CC28A3800B6F33D /* Debug */,
				8F2BF7402CC28A3800B6F33D /* Release */,
			);
			defaultConfigurationIsVisible = 0;
			defaultConfigurationName = Release;
		};
/* End XCConfigurationList section */
	};
	rootObject = 8F2BF70C2CC28A3700B6F33D /* Project object */;
}
